
Microsoft Visual Studio Solution File, Format Version 12.00
# Visual Studio Version 16
VisualStudioVersion = 16.0.30406.217
MinimumVisualStudioVersion = 10.0.40219.1
Project("{FAE04EC0-301F-11D3-BF4B-00C04F79EFBC}") = "NETCore", "NETCore.csproj", "{D4BC5AAF-FA3B-464F-BF1B-F9CBED4E5B36}"
EndProject
Global
	GlobalSection(SolutionConfigurationPlatforms) = preSolution
		Debug|Any CPU = Debug|Any CPU
		Release|Any CPU = Release|Any CPU
	EndGlobalSection
	GlobalSection(ProjectConfigurationPlatforms) = postSolution
		{D4BC5AAF-FA3B-464F-BF1B-F9CBED4E5B36}.Debug|Any CPU.ActiveCfg = Debug|Any CPU
		{D4BC5AAF-FA3B-464F-BF1B-F9CBED4E5B36}.Debug|Any CPU.Build.0 = Debug|Any CPU
		{D4BC5AAF-FA3B-464F-BF1B-F9CBED4E5B36}.Release|Any CPU.ActiveCfg = Release|Any CPU
		{D4BC5AAF-FA3B-464F-BF1B-F9CBED4E5B36}.Release|Any CPU.Build.0 = Release|Any CPU
	EndGlobalSection
	GlobalSection(SolutionProperties) = preSolution
		HideSolutionNode = FALSE
	EndGlobalSection
	GlobalSection(ExtensibilityGlobals) = postSolution
		SolutionGuid = {611CB3C3-CE2A-424D-91EC-1396DBB0C7D0}
	EndGlobalSection
EndGlobal
